// !$*UTF8*$!
{
	archiveVersion = 1;
	classes = {
	};
	objectVersion = 46;
	objects = {

/* Begin PBXBuildFile section */
		E68699B379AE1A2651D79BC3 /* libPods.a in Frameworks */ = {isa = PBXBuildFile; fileRef = 3420716E49D0D46A360DB14E /* libPods.a */; };
		FE1A020A1CA2E2EA00A6319A /* main.m in Sources */ = {isa = PBXBuildFile; fileRef = FE1A02091CA2E2EA00A6319A /* main.m */; };
		FE1A020D1CA2E2EA00A6319A /* AppDelegate.m in Sources */ = {isa = PBXBuildFile; fileRef = FE1A020C1CA2E2EA00A6319A /* AppDelegate.m */; };
		FE1A02131CA2E2EA00A6319A /* Main.storyboard in Resources */ = {isa = PBXBuildFile; fileRef = FE1A02111CA2E2EA00A6319A /* Main.storyboard */; };
		FE1A02151CA2E2EA00A6319A /* Assets.xcassets in Resources */ = {isa = PBXBuildFile; fileRef = FE1A02141CA2E2EA00A6319A /* Assets.xcassets */; };
		FE1A02181CA2E2EA00A6319A /* LaunchScreen.storyboard in Resources */ = {isa = PBXBuildFile; fileRef = FE1A02161CA2E2EA00A6319A /* LaunchScreen.storyboard */; };
		FE641D5F1CA5907D007BA170 /* ProgressHUD.bundle in Resources */ = {isa = PBXBuildFile; fileRef = FE641D5C1CA5907D007BA170 /* ProgressHUD.bundle */; };
		FE641D601CA5907D007BA170 /* ProgressHUD.m in Sources */ = {isa = PBXBuildFile; fileRef = FE641D5E1CA5907D007BA170 /* ProgressHUD.m */; };
		FE8F2C281CA6A47C0094D195 /* AddressListViewController.m in Sources */ = {isa = PBXBuildFile; fileRef = FE8F2C271CA6A47C0094D195 /* AddressListViewController.m */; };
		FE8F2C321CA6E0E80094D195 /* DetailViewController.m in Sources */ = {isa = PBXBuildFile; fileRef = FE8F2C2F1CA6E0E80094D195 /* DetailViewController.m */; };
		FED0B70A1CA5628D00C274B9 /* AddressListController.m in Sources */ = {isa = PBXBuildFile; fileRef = FED0B7051CA5628D00C274B9 /* AddressListController.m */; };
		FED0B7171CA5635800C274B9 /* BaseNavigationController.m in Sources */ = {isa = PBXBuildFile; fileRef = FED0B7101CA5635800C274B9 /* BaseNavigationController.m */; };
		FED0B7181CA5635800C274B9 /* NSString+Addtion.m in Sources */ = {isa = PBXBuildFile; fileRef = FED0B7131CA5635800C274B9 /* NSString+Addtion.m */; };
		FED0B7191CA5635800C274B9 /* UIColor+Addition.m in Sources */ = {isa = PBXBuildFile; fileRef = FED0B7151CA5635800C274B9 /* UIColor+Addition.m */; };
		FED0B7631CA5637700C274B9 /* contact_p@2x.png in Resources */ = {isa = PBXBuildFile; fileRef = FED0B71C1CA5637700C274B9 /* contact_p@2x.png */; };
		FED0B7641CA5637700C274B9 /* empty_call@2x.png in Resources */ = {isa = PBXBuildFile; fileRef = FED0B71D1CA5637700C274B9 /* empty_call@2x.png */; };
		FED0B7651CA5637700C274B9 /* empty_sms@2x.png in Resources */ = {isa = PBXBuildFile; fileRef = FED0B71E1CA5637700C274B9 /* empty_sms@2x.png */; };
		FED0B7661CA5637700C274B9 /* fav_index@2x.png in Resources */ = {isa = PBXBuildFile; fileRef = FED0B71F1CA5637700C274B9 /* fav_index@2x.png */; };
		FED0B7671CA5637700C274B9 /* grassGreen_avatarEmpty@2x.png in Resources */ = {isa = PBXBuildFile; fileRef = FED0B7211CA5637700C274B9 /* grassGreen_avatarEmpty@2x.png */; };
		FED0B7681CA5637700C274B9 /* green_avatarEmpty@2x.png in Resources */ = {isa = PBXBuildFile; fileRef = FED0B7221CA5637700C274B9 /* green_avatarEmpty@2x.png */; };
		FED0B7691CA5637700C274B9 /* Default-568h@2x.png in Resources */ = {isa = PBXBuildFile; fileRef = FED0B7241CA5637700C274B9 /* Default-568h@2x.png */; };
		FED0B76A1CA5637700C274B9 /* Default.png in Resources */ = {isa = PBXBuildFile; fileRef = FED0B7251CA5637700C274B9 /* Default.png */; };
		FED0B76B1CA5637700C274B9 /* Default@2x.png in Resources */ = {isa = PBXBuildFile; fileRef = FED0B7261CA5637700C274B9 /* Default@2x.png */; };
		FED0B76C1CA5637700C274B9 /* information01@2x.png in Resources */ = {isa = PBXBuildFile; fileRef = FED0B7281CA5637700C274B9 /* information01@2x.png */; };
		FED0B76D1CA5637700C274B9 /* information02@2x.png in Resources */ = {isa = PBXBuildFile; fileRef = FED0B7291CA5637700C274B9 /* information02@2x.png */; };
		FED0B76E1CA5637700C274B9 /* information03@2x.png in Resources */ = {isa = PBXBuildFile; fileRef = FED0B72A1CA5637700C274B9 /* information03@2x.png */; };
		FED0B76F1CA5637700C274B9 /* information04@2x.png in Resources */ = {isa = PBXBuildFile; fileRef = FED0B72B1CA5637700C274B9 /* information04@2x.png */; };
		FED0B7701CA5637700C274B9 /* AppIcon29x29.png in Resources */ = {isa = PBXBuildFile; fileRef = FED0B72D1CA5637700C274B9 /* AppIcon29x29.png */; };
		FED0B7711CA5637700C274B9 /* AppIcon29x29@2x.png in Resources */ = {isa = PBXBuildFile; fileRef = FED0B72E1CA5637700C274B9 /* AppIcon29x29@2x.png */; };
		FED0B7721CA5637700C274B9 /* AppIcon40x40@2x.png in Resources */ = {isa = PBXBuildFile; fileRef = FED0B72F1CA5637700C274B9 /* AppIcon40x40@2x.png */; };
		FED0B7731CA5637700C274B9 /* AppIcon57x57.png in Resources */ = {isa = PBXBuildFile; fileRef = FED0B7301CA5637700C274B9 /* AppIcon57x57.png */; };
		FED0B7741CA5637700C274B9 /* AppIcon57x57@2x.png in Resources */ = {isa = PBXBuildFile; fileRef = FED0B7311CA5637700C274B9 /* AppIcon57x57@2x.png */; };
		FED0B7751CA5637700C274B9 /* AppIcon60x60@2x.png in Resources */ = {isa = PBXBuildFile; fileRef = FED0B7321CA5637700C274B9 /* AppIcon60x60@2x.png */; };
		FED0B79B1CA5637700C274B9 /* action_call@2x.png in Resources */ = {isa = PBXBuildFile; fileRef = FED0B75A1CA5637700C274B9 /* action_call@2x.png */; };
		FED0B79C1CA5637700C274B9 /* add_contact@2x.png in Resources */ = {isa = PBXBuildFile; fileRef = FED0B75B1CA5637700C274B9 /* add_contact@2x.png */; };
		FED0B79D1CA5637700C274B9 /* btn_backItem.png in Resources */ = {isa = PBXBuildFile; fileRef = FED0B75C1CA5637700C274B9 /* btn_backItem.png */; };
		FED0B79E1CA5637700C274B9 /* btn_backItem_highlighted.png in Resources */ = {isa = PBXBuildFile; fileRef = FED0B75D1CA5637700C274B9 /* btn_backItem_highlighted.png */; };
		FED0B79F1CA5637700C274B9 /* btn_navigationBar_back@2x.png in Resources */ = {isa = PBXBuildFile; fileRef = FED0B75E1CA5637700C274B9 /* btn_navigationBar_back@2x.png */; };
		FED0B7A01CA5637700C274B9 /* clsose@2x.png in Resources */ = {isa = PBXBuildFile; fileRef = FED0B75F1CA5637700C274B9 /* clsose@2x.png */; };
		FED0B7A11CA5637700C274B9 /* doneR@2x.png in Resources */ = {isa = PBXBuildFile; fileRef = FED0B7601CA5637700C274B9 /* doneR@2x.png */; };
		FED0B7A21CA5637700C274B9 /* AddressBook.plist in Resources */ = {isa = PBXBuildFile; fileRef = FED0B7621CA5637700C274B9 /* AddressBook.plist */; };
		FED0B7A61CA5638300C274B9 /* Contact.m in Sources */ = {isa = PBXBuildFile; fileRef = FED0B7A51CA5638300C274B9 /* Contact.m */; };
		FED0B7AB1CA5639000C274B9 /* ChineseToPinyin.m in Sources */ = {isa = PBXBuildFile; fileRef = FED0B7AA1CA5639000C274B9 /* ChineseToPinyin.m */; };
		FED0B7AF1CA5639A00C274B9 /* AddressCell.m in Sources */ = {isa = PBXBuildFile; fileRef = FED0B7AE1CA5639A00C274B9 /* AddressCell.m */; };
		FED0B7B51CA563B400C274B9 /* DataBase.m in Sources */ = {isa = PBXBuildFile; fileRef = FED0B7B21CA563B400C274B9 /* DataBase.m */; };
		FED0B7B61CA563B400C274B9 /* DataBaseHelper.m in Sources */ = {isa = PBXBuildFile; fileRef = FED0B7B41CA563B400C274B9 /* DataBaseHelper.m */; };
		FED0B7B81CA5654100C274B9 /* libsqlite3.0.tbd in Frameworks */ = {isa = PBXBuildFile; fileRef = FED0B7B71CA5654100C274B9 /* libsqlite3.0.tbd */; };
/* End PBXBuildFile section */

/* Begin PBXFileReference section */
		3420716E49D0D46A360DB14E /* libPods.a */ = {isa = PBXFileReference; explicitFileType = archive.ar; includeInIndex = 0; path = libPods.a; sourceTree = BUILT_PRODUCTS_DIR; };
		B737BC70183E0802C3075F8F /* Pods.release.xcconfig */ = {isa = PBXFileReference; includeInIndex = 1; lastKnownFileType = text.xcconfig; name = Pods.release.xcconfig; path = "Pods/Target Support Files/Pods/Pods.release.xcconfig"; sourceTree = "<group>"; };
		DB4C0BC5D8A23F545DBD610C /* Pods.debug.xcconfig */ = {isa = PBXFileReference; includeInIndex = 1; lastKnownFileType = text.xcconfig; name = Pods.debug.xcconfig; path = "Pods/Target Support Files/Pods/Pods.debug.xcconfig"; sourceTree = "<group>"; };
		FE1A02051CA2E2EA00A6319A /* Class1002.app */ = {isa = PBXFileReference; explicitFileType = wrapper.application; includeInIndex = 0; path = Class1002.app; sourceTree = BUILT_PRODUCTS_DIR; };
		FE1A02091CA2E2EA00A6319A /* main.m */ = {isa = PBXFileReference; lastKnownFileType = sourcecode.c.objc; path = main.m; sourceTree = "<group>"; };
		FE1A020B1CA2E2EA00A6319A /* AppDelegate.h */ = {isa = PBXFileReference; lastKnownFileType = sourcecode.c.h; path = AppDelegate.h; sourceTree = "<group>"; };
		FE1A020C1CA2E2EA00A6319A /* AppDelegate.m */ = {isa = PBXFileReference; lastKnownFileType = sourcecode.c.objc; path = AppDelegate.m; sourceTree = "<group>"; };
		FE1A02121CA2E2EA00A6319A /* Base */ = {isa = PBXFileReference; lastKnownFileType = file.storyboard; name = Base; path = Base.lproj/Main.storyboard; sourceTree = "<group>"; };
		FE1A02141CA2E2EA00A6319A /* Assets.xcassets */ = {isa = PBXFileReference; lastKnownFileType = folder.assetcatalog; path = Assets.xcassets; sourceTree = "<group>"; };
		FE1A02171CA2E2EA00A6319A /* Base */ = {isa = PBXFileReference; lastKnownFileType = file.storyboard; name = Base; path = Base.lproj/LaunchScreen.storyboard; sourceTree = "<group>"; };
		FE1A02191CA2E2EA00A6319A /* Info.plist */ = {isa = PBXFileReference; lastKnownFileType = text.plist.xml; path = Info.plist; sourceTree = "<group>"; };
		FE641D5C1CA5907D007BA170 /* ProgressHUD.bundle */ = {isa = PBXFileReference; lastKnownFileType = "wrapper.plug-in"; path = ProgressHUD.bundle; sourceTree = "<group>"; };
		FE641D5D1CA5907D007BA170 /* ProgressHUD.h */ = {isa = PBXFileReference; fileEncoding = 4; lastKnownFileType = sourcecode.c.h; path = ProgressHUD.h; sourceTree = "<group>"; };
		FE641D5E1CA5907D007BA170 /* ProgressHUD.m */ = {isa = PBXFileReference; fileEncoding = 4; lastKnownFileType = sourcecode.c.objc; path = ProgressHUD.m; sourceTree = "<group>"; };
		FE8F2C261CA6A47C0094D195 /* AddressListViewController.h */ = {isa = PBXFileReference; fileEncoding = 4; lastKnownFileType = sourcecode.c.h; path = AddressListViewController.h; sourceTree = "<group>"; };
		FE8F2C271CA6A47C0094D195 /* AddressListViewController.m */ = {isa = PBXFileReference; fileEncoding = 4; lastKnownFileType = sourcecode.c.objc; path = AddressListViewController.m; sourceTree = "<group>"; };
		FE8F2C2E1CA6E0E80094D195 /* DetailViewController.h */ = {isa = PBXFileReference; fileEncoding = 4; lastKnownFileType = sourcecode.c.h; path = DetailViewController.h; sourceTree = "<group>"; };
		FE8F2C2F1CA6E0E80094D195 /* DetailViewController.m */ = {isa = PBXFileReference; fileEncoding = 4; lastKnownFileType = sourcecode.c.objc; path = DetailViewController.m; sourceTree = "<group>"; };
		FE8F2C381CA6E2E50094D195 /* Macros.h */ = {isa = PBXFileReference; fileEncoding = 4; lastKnownFileType = sourcecode.c.h; path = Macros.h; sourceTree = "<group>"; };
		FE8F2C391CA6E3870094D195 /* Class_Prefix.pch */ = {isa = PBXFileReference; fileEncoding = 4; lastKnownFileType = sourcecode.c.h; path = Class_Prefix.pch; sourceTree = "<group>"; };
		FED0B7041CA5628D00C274B9 /* AddressListController.h */ = {isa = PBXFileReference; fileEncoding = 4; lastKnownFileType = sourcecode.c.h; path = AddressListController.h; sourceTree = "<group>"; };
		FED0B7051CA5628D00C274B9 /* AddressListController.m */ = {isa = PBXFileReference; fileEncoding = 4; lastKnownFileType = sourcecode.c.objc; path = AddressListController.m; sourceTree = "<group>"; };
		FED0B70F1CA5635800C274B9 /* BaseNavigationController.h */ = {isa = PBXFileReference; fileEncoding = 4; lastKnownFileType = sourcecode.c.h; path = BaseNavigationController.h; sourceTree = "<group>"; };
		FED0B7101CA5635800C274B9 /* BaseNavigationController.m */ = {isa = PBXFileReference; fileEncoding = 4; lastKnownFileType = sourcecode.c.objc; path = BaseNavigationController.m; sourceTree = "<group>"; };
		FED0B7121CA5635800C274B9 /* NSString+Addtion.h */ = {isa = PBXFileReference; fileEncoding = 4; lastKnownFileType = sourcecode.c.h; path = "NSString+Addtion.h"; sourceTree = "<group>"; };
		FED0B7131CA5635800C274B9 /* NSString+Addtion.m */ = {isa = PBXFileReference; fileEncoding = 4; lastKnownFileType = sourcecode.c.objc; path = "NSString+Addtion.m"; sourceTree = "<group>"; };
		FED0B7141CA5635800C274B9 /* UIColor+Addition.h */ = {isa = PBXFileReference; fileEncoding = 4; lastKnownFileType = sourcecode.c.h; path = "UIColor+Addition.h"; sourceTree = "<group>"; };
		FED0B7151CA5635800C274B9 /* UIColor+Addition.m */ = {isa = PBXFileReference; fileEncoding = 4; lastKnownFileType = sourcecode.c.objc; path = "UIColor+Addition.m"; sourceTree = "<group>"; };
		FED0B71C1CA5637700C274B9 /* contact_p@2x.png */ = {isa = PBXFileReference; lastKnownFileType = image.png; path = "contact_p@2x.png"; sourceTree = "<group>"; };
		FED0B71D1CA5637700C274B9 /* empty_call@2x.png */ = {isa = PBXFileReference; lastKnownFileType = image.png; path = "empty_call@2x.png"; sourceTree = "<group>"; };
		FED0B71E1CA5637700C274B9 /* empty_sms@2x.png */ = {isa = PBXFileReference; lastKnownFileType = image.png; path = "empty_sms@2x.png"; sourceTree = "<group>"; };
		FED0B71F1CA5637700C274B9 /* fav_index@2x.png */ = {isa = PBXFileReference; lastKnownFileType = image.png; path = "fav_index@2x.png"; sourceTree = "<group>"; };
		FED0B7211CA5637700C274B9 /* grassGreen_avatarEmpty@2x.png */ = {isa = PBXFileReference; lastKnownFileType = image.png; path = "grassGreen_avatarEmpty@2x.png"; sourceTree = "<group>"; };
		FED0B7221CA5637700C274B9 /* green_avatarEmpty@2x.png */ = {isa = PBXFileReference; lastKnownFileType = image.png; path = "green_avatarEmpty@2x.png"; sourceTree = "<group>"; };
		FED0B7241CA5637700C274B9 /* Default-568h@2x.png */ = {isa = PBXFileReference; lastKnownFileType = image.png; path = "Default-568h@2x.png"; sourceTree = "<group>"; };
		FED0B7251CA5637700C274B9 /* Default.png */ = {isa = PBXFileReference; lastKnownFileType = image.png; path = Default.png; sourceTree = "<group>"; };
		FED0B7261CA5637700C274B9 /* Default@2x.png */ = {isa = PBXFileReference; lastKnownFileType = image.png; path = "Default@2x.png"; sourceTree = "<group>"; };
		FED0B7281CA5637700C274B9 /* information01@2x.png */ = {isa = PBXFileReference; lastKnownFileType = image.png; path = "information01@2x.png"; sourceTree = "<group>"; };
		FED0B7291CA5637700C274B9 /* information02@2x.png */ = {isa = PBXFileReference; lastKnownFileType = image.png; path = "information02@2x.png"; sourceTree = "<group>"; };
		FED0B72A1CA5637700C274B9 /* information03@2x.png */ = {isa = PBXFileReference; lastKnownFileType = image.png; path = "information03@2x.png"; sourceTree = "<group>"; };
		FED0B72B1CA5637700C274B9 /* information04@2x.png */ = {isa = PBXFileReference; lastKnownFileType = image.png; path = "information04@2x.png"; sourceTree = "<group>"; };
		FED0B72D1CA5637700C274B9 /* AppIcon29x29.png */ = {isa = PBXFileReference; lastKnownFileType = image.png; path = AppIcon29x29.png; sourceTree = "<group>"; };
		FED0B72E1CA5637700C274B9 /* AppIcon29x29@2x.png */ = {isa = PBXFileReference; lastKnownFileType = image.png; path = "AppIcon29x29@2x.png"; sourceTree = "<group>"; };
		FED0B72F1CA5637700C274B9 /* AppIcon40x40@2x.png */ = {isa = PBXFileReference; lastKnownFileType = image.png; path = "AppIcon40x40@2x.png"; sourceTree = "<group>"; };
		FED0B7301CA5637700C274B9 /* AppIcon57x57.png */ = {isa = PBXFileReference; lastKnownFileType = image.png; path = AppIcon57x57.png; sourceTree = "<group>"; };
		FED0B7311CA5637700C274B9 /* AppIcon57x57@2x.png */ = {isa = PBXFileReference; lastKnownFileType = image.png; path = "AppIcon57x57@2x.png"; sourceTree = "<group>"; };
		FED0B7321CA5637700C274B9 /* AppIcon60x60@2x.png */ = {isa = PBXFileReference; lastKnownFileType = image.png; path = "AppIcon60x60@2x.png"; sourceTree = "<group>"; };
		FED0B75A1CA5637700C274B9 /* action_call@2x.png */ = {isa = PBXFileReference; lastKnownFileType = image.png; path = "action_call@2x.png"; sourceTree = "<group>"; };
		FED0B75B1CA5637700C274B9 /* add_contact@2x.png */ = {isa = PBXFileReference; lastKnownFileType = image.png; path = "add_contact@2x.png"; sourceTree = "<group>"; };
		FED0B75C1CA5637700C274B9 /* btn_backItem.png */ = {isa = PBXFileReference; lastKnownFileType = image.png; path = btn_backItem.png; sourceTree = "<group>"; };
		FED0B75D1CA5637700C274B9 /* btn_backItem_highlighted.png */ = {isa = PBXFileReference; lastKnownFileType = image.png; path = btn_backItem_highlighted.png; sourceTree = "<group>"; };
		FED0B75E1CA5637700C274B9 /* btn_navigationBar_back@2x.png */ = {isa = PBXFileReference; lastKnownFileType = image.png; path = "btn_navigationBar_back@2x.png"; sourceTree = "<group>"; };
		FED0B75F1CA5637700C274B9 /* clsose@2x.png */ = {isa = PBXFileReference; lastKnownFileType = image.png; path = "clsose@2x.png"; sourceTree = "<group>"; };
		FED0B7601CA5637700C274B9 /* doneR@2x.png */ = {isa = PBXFileReference; lastKnownFileType = image.png; path = "doneR@2x.png"; sourceTree = "<group>"; };
		FED0B7621CA5637700C274B9 /* AddressBook.plist */ = {isa = PBXFileReference; fileEncoding = 4; lastKnownFileType = text.plist.xml; path = AddressBook.plist; sourceTree = "<group>"; };
		FED0B7A41CA5638300C274B9 /* Contact.h */ = {isa = PBXFileReference; fileEncoding = 4; lastKnownFileType = sourcecode.c.h; path = Contact.h; sourceTree = "<group>"; };
		FED0B7A51CA5638300C274B9 /* Contact.m */ = {isa = PBXFileReference; fileEncoding = 4; lastKnownFileType = sourcecode.c.objc; path = Contact.m; sourceTree = "<group>"; };
		FED0B7A91CA5639000C274B9 /* ChineseToPinyin.h */ = {isa = PBXFileReference; fileEncoding = 4; lastKnownFileType = sourcecode.c.h; path = ChineseToPinyin.h; sourceTree = "<group>"; };
		FED0B7AA1CA5639000C274B9 /* ChineseToPinyin.m */ = {isa = PBXFileReference; fileEncoding = 4; lastKnownFileType = sourcecode.c.objc; path = ChineseToPinyin.m; sourceTree = "<group>"; };
		FED0B7AD1CA5639A00C274B9 /* AddressCell.h */ = {isa = PBXFileReference; fileEncoding = 4; lastKnownFileType = sourcecode.c.h; path = AddressCell.h; sourceTree = "<group>"; };
		FED0B7AE1CA5639A00C274B9 /* AddressCell.m */ = {isa = PBXFileReference; fileEncoding = 4; lastKnownFileType = sourcecode.c.objc; path = AddressCell.m; sourceTree = "<group>"; };
		FED0B7B11CA563B400C274B9 /* DataBase.h */ = {isa = PBXFileReference; fileEncoding = 4; lastKnownFileType = sourcecode.c.h; path = DataBase.h; sourceTree = "<group>"; };
		FED0B7B21CA563B400C274B9 /* DataBase.m */ = {isa = PBXFileReference; fileEncoding = 4; lastKnownFileType = sourcecode.c.objc; path = DataBase.m; sourceTree = "<group>"; };
		FED0B7B31CA563B400C274B9 /* DataBaseHelper.h */ = {isa = PBXFileReference; fileEncoding = 4; lastKnownFileType = sourcecode.c.h; path = DataBaseHelper.h; sourceTree = "<group>"; };
		FED0B7B41CA563B400C274B9 /* DataBaseHelper.m */ = {isa = PBXFileReference; fileEncoding = 4; lastKnownFileType = sourcecode.c.objc; path = DataBaseHelper.m; sourceTree = "<group>"; };
		FED0B7B71CA5654100C274B9 /* libsqlite3.0.tbd */ = {isa = PBXFileReference; lastKnownFileType = "sourcecode.text-based-dylib-definition"; name = libsqlite3.0.tbd; path = usr/lib/libsqlite3.0.tbd; sourceTree = SDKROOT; };
/* End PBXFileReference section */

/* Begin PBXFrameworksBuildPhase section */
		FE1A02021CA2E2EA00A6319A /* Frameworks */ = {
			isa = PBXFrameworksBuildPhase;
			buildActionMask = 2147483647;
			files = (
				FED0B7B81CA5654100C274B9 /* libsqlite3.0.tbd in Frameworks */,
				E68699B379AE1A2651D79BC3 /* libPods.a in Frameworks */,
			);
			runOnlyForDeploymentPostprocessing = 0;
		};
/* End PBXFrameworksBuildPhase section */

/* Begin PBXGroup section */
		6D06150A89CBBF6FF15A846E /* Frameworks */ = {
			isa = PBXGroup;
			children = (
				FED0B7B71CA5654100C274B9 /* libsqlite3.0.tbd */,
				3420716E49D0D46A360DB14E /* libPods.a */,
			);
			name = Frameworks;
			sourceTree = "<group>";
		};
		705DC67EFC60F3CAF79FFE94 /* Pods */ = {
			isa = PBXGroup;
			children = (
				DB4C0BC5D8A23F545DBD610C /* Pods.debug.xcconfig */,
				B737BC70183E0802C3075F8F /* Pods.release.xcconfig */,
			);
			name = Pods;
			sourceTree = "<group>";
		};
		FE1A01FC1CA2E2EA00A6319A = {
			isa = PBXGroup;
			children = (
				FE1A02071CA2E2EA00A6319A /* Class1002 */,
				FE1A02061CA2E2EA00A6319A /* Products */,
				705DC67EFC60F3CAF79FFE94 /* Pods */,
				6D06150A89CBBF6FF15A846E /* Frameworks */,
			);
			sourceTree = "<group>";
		};
		FE1A02061CA2E2EA00A6319A /* Products */ = {
			isa = PBXGroup;
			children = (
				FE1A02051CA2E2EA00A6319A /* Class1002.app */,
			);
			name = Products;
			sourceTree = "<group>";
		};
		FE1A02071CA2E2EA00A6319A /* Class1002 */ = {
			isa = PBXGroup;
			children = (
				FE1A020B1CA2E2EA00A6319A /* AppDelegate.h */,
				FE1A020C1CA2E2EA00A6319A /* AppDelegate.m */,
				FE8F2C211CA6A41E0094D195 /* ClassBussiness */,
				FE8F2C331CA6E12B0094D195 /* Others */,
				FED0B7031CA5628D00C274B9 /* Controllers */,
				FED0B70D1CA5635800C274B9 /* General */,
				FED0B7B01CA563B400C274B9 /* Helpers */,
				FED0B7A31CA5638300C274B9 /* Models */,
				FED0B7AC1CA5639A00C274B9 /* Views */,
				FED0B7A71CA5639000C274B9 /* Vendors */,
				FED0B71A1CA5637700C274B9 /* Resource */,
				FE1A02111CA2E2EA00A6319A /* Main.storyboard */,
				FE1A02141CA2E2EA00A6319A /* Assets.xcassets */,
				FE1A02161CA2E2EA00A6319A /* LaunchScreen.storyboard */,
				FE1A02191CA2E2EA00A6319A /* Info.plist */,
				FE1A02081CA2E2EA00A6319A /* Supporting Files */,
			);
			path = Class1002;
			sourceTree = "<group>";
		};
		FE1A02081CA2E2EA00A6319A /* Supporting Files */ = {
			isa = PBXGroup;
			children = (
				FE8F2C391CA6E3870094D195 /* Class_Prefix.pch */,
				FE1A02091CA2E2EA00A6319A /* main.m */,
			);
			name = "Supporting Files";
			sourceTree = "<group>";
		};
		FE641D5B1CA5907D007BA170 /* ProgressHUD */ = {
			isa = PBXGroup;
			children = (
				FE641D5C1CA5907D007BA170 /* ProgressHUD.bundle */,
				FE641D5D1CA5907D007BA170 /* ProgressHUD.h */,
				FE641D5E1CA5907D007BA170 /* ProgressHUD.m */,
			);
			path = ProgressHUD;
			sourceTree = "<group>";
		};
		FE8F2C211CA6A41E0094D195 /* ClassBussiness */ = {
			isa = PBXGroup;
			children = (
				FE8F2C221CA6A41E0094D195 /* 通讯录列表页面 */,
				FE8F2C2C1CA6E0E80094D195 /* 通讯录详情页面 */,
			);
			path = ClassBussiness;
			sourceTree = "<group>";
		};
		FE8F2C221CA6A41E0094D195 /* 通讯录列表页面 */ = {
			isa = PBXGroup;
			children = (
				FE8F2C231CA6A41E0094D195 /* Controllers */,
				FE8F2C241CA6A41E0094D195 /* Models */,
				FE8F2C251CA6A41E0094D195 /* Views */,
			);
			path = "通讯录列表页面";
			sourceTree = "<group>";
		};
		FE8F2C231CA6A41E0094D195 /* Controllers */ = {
			isa = PBXGroup;
			children = (
				FE8F2C261CA6A47C0094D195 /* AddressListViewController.h */,
				FE8F2C271CA6A47C0094D195 /* AddressListViewController.m */,
			);
			path = Controllers;
			sourceTree = "<group>";
		};
		FE8F2C241CA6A41E0094D195 /* Models */ = {
			isa = PBXGroup;
			children = (
			);
			path = Models;
			sourceTree = "<group>";
		};
		FE8F2C251CA6A41E0094D195 /* Views */ = {
			isa = PBXGroup;
			children = (
			);
			path = Views;
			sourceTree = "<group>";
		};
		FE8F2C2C1CA6E0E80094D195 /* 通讯录详情页面 */ = {
			isa = PBXGroup;
			children = (
				FE8F2C2D1CA6E0E80094D195 /* Controllers */,
				FE8F2C301CA6E0E80094D195 /* Models */,
				FE8F2C311CA6E0E80094D195 /* Views */,
			);
			path = "通讯录详情页面";
			sourceTree = "<group>";
		};
		FE8F2C2D1CA6E0E80094D195 /* Controllers */ = {
			isa = PBXGroup;
			children = (
				FE8F2C2E1CA6E0E80094D195 /* DetailViewController.h */,
				FE8F2C2F1CA6E0E80094D195 /* DetailViewController.m */,
			);
			path = Controllers;
			sourceTree = "<group>";
		};
		FE8F2C301CA6E0E80094D195 /* Models */ = {
			isa = PBXGroup;
			children = (
			);
			path = Models;
			sourceTree = "<group>";
		};
		FE8F2C311CA6E0E80094D195 /* Views */ = {
			isa = PBXGroup;
			children = (
			);
			path = Views;
			sourceTree = "<group>";
		};
		FE8F2C331CA6E12B0094D195 /* Others */ = {
			isa = PBXGroup;
			children = (
				FE8F2C341CA6E12B0094D195 /* HeaderDefine */,
			);
			path = Others;
			sourceTree = "<group>";
		};
		FE8F2C341CA6E12B0094D195 /* HeaderDefine */ = {
			isa = PBXGroup;
			children = (
				FE8F2C381CA6E2E50094D195 /* Macros.h */,
			);
			path = HeaderDefine;
			sourceTree = "<group>";
		};
		FED0B7031CA5628D00C274B9 /* Controllers */ = {
			isa = PBXGroup;
			children = (
				FED0B7041CA5628D00C274B9 /* AddressListController.h */,
				FED0B7051CA5628D00C274B9 /* AddressListController.m */,
			);
			path = Controllers;
			sourceTree = "<group>";
		};
		FED0B70D1CA5635800C274B9 /* General */ = {
			isa = PBXGroup;
			children = (
				FED0B70E1CA5635800C274B9 /* BaseClass */,
				FED0B7111CA5635800C274B9 /* Category */,
				FED0B7161CA5635800C274B9 /* Views */,
			);
			path = General;
			sourceTree = "<group>";
		};
		FED0B70E1CA5635800C274B9 /* BaseClass */ = {
			isa = PBXGroup;
			children = (
				FED0B70F1CA5635800C274B9 /* BaseNavigationController.h */,
				FED0B7101CA5635800C274B9 /* BaseNavigationController.m */,
			);
			path = BaseClass;
			sourceTree = "<group>";
		};
		FED0B7111CA5635800C274B9 /* Category */ = {
			isa = PBXGroup;
			children = (
				FED0B7121CA5635800C274B9 /* NSString+Addtion.h */,
				FED0B7131CA5635800C274B9 /* NSString+Addtion.m */,
				FED0B7141CA5635800C274B9 /* UIColor+Addition.h */,
				FED0B7151CA5635800C274B9 /* UIColor+Addition.m */,
			);
			path = Category;
			sourceTree = "<group>";
		};
		FED0B7161CA5635800C274B9 /* Views */ = {
			isa = PBXGroup;
			children = (
			);
			path = Views;
			sourceTree = "<group>";
		};
		FED0B71A1CA5637700C274B9 /* Resource */ = {
			isa = PBXGroup;
			children = (
				FED0B71B1CA5637700C274B9 /* Add */,
				FED0B7201CA5637700C274B9 /* Avatar */,
				FED0B7231CA5637700C274B9 /* Default */,
				FED0B7271CA5637700C274B9 /* FirstLaunch */,
				FED0B72C1CA5637700C274B9 /* Icon */,
				FED0B7591CA5637700C274B9 /* Nav */,
				FED0B7611CA5637700C274B9 /* Plist */,
			);
			path = Resource;
			sourceTree = "<group>";
		};
		FED0B71B1CA5637700C274B9 /* Add */ = {
			isa = PBXGroup;
			children = (
				FED0B71C1CA5637700C274B9 /* contact_p@2x.png */,
				FED0B71D1CA5637700C274B9 /* empty_call@2x.png */,
				FED0B71E1CA5637700C274B9 /* empty_sms@2x.png */,
				FED0B71F1CA5637700C274B9 /* fav_index@2x.png */,
			);
			path = Add;
			sourceTree = "<group>";
		};
		FED0B7201CA5637700C274B9 /* Avatar */ = {
			isa = PBXGroup;
			children = (
				FED0B7211CA5637700C274B9 /* grassGreen_avatarEmpty@2x.png */,
				FED0B7221CA5637700C274B9 /* green_avatarEmpty@2x.png */,
			);
			path = Avatar;
			sourceTree = "<group>";
		};
		FED0B7231CA5637700C274B9 /* Default */ = {
			isa = PBXGroup;
			children = (
				FED0B7241CA5637700C274B9 /* Default-568h@2x.png */,
				FED0B7251CA5637700C274B9 /* Default.png */,
				FED0B7261CA5637700C274B9 /* Default@2x.png */,
			);
			path = Default;
			sourceTree = "<group>";
		};
		FED0B7271CA5637700C274B9 /* FirstLaunch */ = {
			isa = PBXGroup;
			children = (
				FED0B7281CA5637700C274B9 /* information01@2x.png */,
				FED0B7291CA5637700C274B9 /* information02@2x.png */,
				FED0B72A1CA5637700C274B9 /* information03@2x.png */,
				FED0B72B1CA5637700C274B9 /* information04@2x.png */,
			);
			path = FirstLaunch;
			sourceTree = "<group>";
		};
		FED0B72C1CA5637700C274B9 /* Icon */ = {
			isa = PBXGroup;
			children = (
				FED0B72D1CA5637700C274B9 /* AppIcon29x29.png */,
				FED0B72E1CA5637700C274B9 /* AppIcon29x29@2x.png */,
				FED0B72F1CA5637700C274B9 /* AppIcon40x40@2x.png */,
				FED0B7301CA5637700C274B9 /* AppIcon57x57.png */,
				FED0B7311CA5637700C274B9 /* AppIcon57x57@2x.png */,
				FED0B7321CA5637700C274B9 /* AppIcon60x60@2x.png */,
			);
			path = Icon;
			sourceTree = "<group>";
		};
		FED0B7591CA5637700C274B9 /* Nav */ = {
			isa = PBXGroup;
			children = (
				FED0B75A1CA5637700C274B9 /* action_call@2x.png */,
				FED0B75B1CA5637700C274B9 /* add_contact@2x.png */,
				FED0B75C1CA5637700C274B9 /* btn_backItem.png */,
				FED0B75D1CA5637700C274B9 /* btn_backItem_highlighted.png */,
				FED0B75E1CA5637700C274B9 /* btn_navigationBar_back@2x.png */,
				FED0B75F1CA5637700C274B9 /* clsose@2x.png */,
				FED0B7601CA5637700C274B9 /* doneR@2x.png */,
			);
			path = Nav;
			sourceTree = "<group>";
		};
		FED0B7611CA5637700C274B9 /* Plist */ = {
			isa = PBXGroup;
			children = (
				FED0B7621CA5637700C274B9 /* AddressBook.plist */,
			);
			path = Plist;
			sourceTree = "<group>";
		};
		FED0B7A31CA5638300C274B9 /* Models */ = {
			isa = PBXGroup;
			children = (
				FED0B7A41CA5638300C274B9 /* Contact.h */,
				FED0B7A51CA5638300C274B9 /* Contact.m */,
			);
			path = Models;
			sourceTree = "<group>";
		};
		FED0B7A71CA5639000C274B9 /* Vendors */ = {
			isa = PBXGroup;
			children = (
				FE641D5B1CA5907D007BA170 /* ProgressHUD */,
				FED0B7A81CA5639000C274B9 /* ChineseToPinyin */,
			);
			path = Vendors;
			sourceTree = "<group>";
		};
		FED0B7A81CA5639000C274B9 /* ChineseToPinyin */ = {
			isa = PBXGroup;
			children = (
				FED0B7A91CA5639000C274B9 /* ChineseToPinyin.h */,
				FED0B7AA1CA5639000C274B9 /* ChineseToPinyin.m */,
			);
			path = ChineseToPinyin;
			sourceTree = "<group>";
		};
		FED0B7AC1CA5639A00C274B9 /* Views */ = {
			isa = PBXGroup;
			children = (
				FED0B7AD1CA5639A00C274B9 /* AddressCell.h */,
				FED0B7AE1CA5639A00C274B9 /* AddressCell.m */,
			);
			path = Views;
			sourceTree = "<group>";
		};
		FED0B7B01CA563B400C274B9 /* Helpers */ = {
			isa = PBXGroup;
			children = (
				FED0B7B11CA563B400C274B9 /* DataBase.h */,
				FED0B7B21CA563B400C274B9 /* DataBase.m */,
				FED0B7B31CA563B400C274B9 /* DataBaseHelper.h */,
				FED0B7B41CA563B400C274B9 /* DataBaseHelper.m */,
			);
			path = Helpers;
			sourceTree = "<group>";
		};
/* End PBXGroup section */

/* Begin PBXNativeTarget section */
		FE1A02041CA2E2EA00A6319A /* Class1002 */ = {
			isa = PBXNativeTarget;
			buildConfigurationList = FE1A021C1CA2E2EA00A6319A /* Build configuration list for PBXNativeTarget "Class1002" */;
			buildPhases = (
				ADB2CF07BD8AD947A55623A7 /* Check Pods Manifest.lock */,
				FE1A02011CA2E2EA00A6319A /* Sources */,
				FE1A02021CA2E2EA00A6319A /* Frameworks */,
				FE1A02031CA2E2EA00A6319A /* Resources */,
				8BC8122DFEBB2C003BD7AF35 /* Embed Pods Frameworks */,
				A801714F6C5756F19227E311 /* Copy Pods Resources */,
			);
			buildRules = (
			);
			dependencies = (
			);
			name = Class1002;
			productName = Class1002;
			productReference = FE1A02051CA2E2EA00A6319A /* Class1002.app */;
			productType = "com.apple.product-type.application";
		};
/* End PBXNativeTarget section */

/* Begin PBXProject section */
		FE1A01FD1CA2E2EA00A6319A /* Project object */ = {
			isa = PBXProject;
			attributes = {
				LastUpgradeCheck = 0720;
				ORGANIZATIONNAME = "张祥";
				TargetAttributes = {
					FE1A02041CA2E2EA00A6319A = {
						CreatedOnToolsVersion = 7.2.1;
						DevelopmentTeam = 5KT527ZH2W;
					};
				};
			};
			buildConfigurationList = FE1A02001CA2E2EA00A6319A /* Build configuration list for PBXProject "Class1002" */;
			compatibilityVersion = "Xcode 3.2";
			developmentRegion = English;
			hasScannedForEncodings = 0;
			knownRegions = (
				en,
				Base,
			);
			mainGroup = FE1A01FC1CA2E2EA00A6319A;
			productRefGroup = FE1A02061CA2E2EA00A6319A /* Products */;
			projectDirPath = "";
			projectRoot = "";
			targets = (
				FE1A02041CA2E2EA00A6319A /* Class1002 */,
			);
		};
/* End PBXProject section */

/* Begin PBXResourcesBuildPhase section */
		FE1A02031CA2E2EA00A6319A /* Resources */ = {
			isa = PBXResourcesBuildPhase;
			buildActionMask = 2147483647;
			files = (
				FED0B7A11CA5637700C274B9 /* doneR@2x.png in Resources */,
				FED0B76C1CA5637700C274B9 /* information01@2x.png in Resources */,
				FED0B76B1CA5637700C274B9 /* Default@2x.png in Resources */,
				FED0B7671CA5637700C274B9 /* grassGreen_avatarEmpty@2x.png in Resources */,
				FED0B7741CA5637700C274B9 /* AppIcon57x57@2x.png in Resources */,
				FED0B79C1CA5637700C274B9 /* add_contact@2x.png in Resources */,
				FED0B7751CA5637700C274B9 /* AppIcon60x60@2x.png in Resources */,
				FED0B76D1CA5637700C274B9 /* information02@2x.png in Resources */,
				FED0B7711CA5637700C274B9 /* AppIcon29x29@2x.png in Resources */,
				FED0B79F1CA5637700C274B9 /* btn_navigationBar_back@2x.png in Resources */,
				FED0B7631CA5637700C274B9 /* contact_p@2x.png in Resources */,
				FED0B7A21CA5637700C274B9 /* AddressBook.plist in Resources */,
				FED0B76E1CA5637700C274B9 /* information03@2x.png in Resources */,
				FE1A02181CA2E2EA00A6319A /* LaunchScreen.storyboard in Resources */,
				FED0B79B1CA5637700C274B9 /* action_call@2x.png in Resources */,
				FED0B7691CA5637700C274B9 /* Default-568h@2x.png in Resources */,
				FE1A02151CA2E2EA00A6319A /* Assets.xcassets in Resources */,
				FED0B7661CA5637700C274B9 /* fav_index@2x.png in Resources */,
				FED0B7641CA5637700C274B9 /* empty_call@2x.png in Resources */,
				FED0B76F1CA5637700C274B9 /* information04@2x.png in Resources */,
				FED0B7681CA5637700C274B9 /* green_avatarEmpty@2x.png in Resources */,
				FED0B7651CA5637700C274B9 /* empty_sms@2x.png in Resources */,
				FED0B7721CA5637700C274B9 /* AppIcon40x40@2x.png in Resources */,
				FED0B79D1CA5637700C274B9 /* btn_backItem.png in Resources */,
				FED0B7A01CA5637700C274B9 /* clsose@2x.png in Resources */,
				FED0B79E1CA5637700C274B9 /* btn_backItem_highlighted.png in Resources */,
				FE1A02131CA2E2EA00A6319A /* Main.storyboard in Resources */,
				FED0B7731CA5637700C274B9 /* AppIcon57x57.png in Resources */,
				FED0B7701CA5637700C274B9 /* AppIcon29x29.png in Resources */,
				FE641D5F1CA5907D007BA170 /* ProgressHUD.bundle in Resources */,
				FED0B76A1CA5637700C274B9 /* Default.png in Resources */,
			);
			runOnlyForDeploymentPostprocessing = 0;
		};
/* End PBXResourcesBuildPhase section */

/* Begin PBXShellScriptBuildPhase section */
		8BC8122DFEBB2C003BD7AF35 /* Embed Pods Frameworks */ = {
			isa = PBXShellScriptBuildPhase;
			buildActionMask = 2147483647;
			files = (
			);
			inputPaths = (
			);
			name = "Embed Pods Frameworks";
			outputPaths = (
			);
			runOnlyForDeploymentPostprocessing = 0;
			shellPath = /bin/sh;
			shellScript = "\"${SRCROOT}/Pods/Target Support Files/Pods/Pods-frameworks.sh\"\n";
			showEnvVarsInLog = 0;
		};
		A801714F6C5756F19227E311 /* Copy Pods Resources */ = {
			isa = PBXShellScriptBuildPhase;
			buildActionMask = 2147483647;
			files = (
			);
			inputPaths = (
			);
			name = "Copy Pods Resources";
			outputPaths = (
			);
			runOnlyForDeploymentPostprocessing = 0;
			shellPath = /bin/sh;
			shellScript = "\"${SRCROOT}/Pods/Target Support Files/Pods/Pods-resources.sh\"\n";
			showEnvVarsInLog = 0;
		};
		ADB2CF07BD8AD947A55623A7 /* Check Pods Manifest.lock */ = {
			isa = PBXShellScriptBuildPhase;
			buildActionMask = 2147483647;
			files = (
			);
			inputPaths = (
			);
			name = "Check Pods Manifest.lock";
			outputPaths = (
			);
			runOnlyForDeploymentPostprocessing = 0;
			shellPath = /bin/sh;
			shellScript = "diff \"${PODS_ROOT}/../Podfile.lock\" \"${PODS_ROOT}/Manifest.lock\" > /dev/null\nif [[ $? != 0 ]] ; then\n    cat << EOM\nerror: The sandbox is not in sync with the Podfile.lock. Run 'pod install' or update your CocoaPods installation.\nEOM\n    exit 1\nfi\n";
			showEnvVarsInLog = 0;
		};
/* End PBXShellScriptBuildPhase section */

/* Begin PBXSourcesBuildPhase section */
		FE1A02011CA2E2EA00A6319A /* Sources */ = {
			isa = PBXSourcesBuildPhase;
			buildActionMask = 2147483647;
			files = (
				FED0B7191CA5635800C274B9 /* UIColor+Addition.m in Sources */,
				FE641D601CA5907D007BA170 /* ProgressHUD.m in Sources */,
				FED0B7A61CA5638300C274B9 /* Contact.m in Sources */,
				FED0B7171CA5635800C274B9 /* BaseNavigationController.m in Sources */,
				FED0B70A1CA5628D00C274B9 /* AddressListController.m in Sources */,
				FE8F2C281CA6A47C0094D195 /* AddressListViewController.m in Sources */,
				FED0B7AB1CA5639000C274B9 /* ChineseToPinyin.m in Sources */,
				FED0B7AF1CA5639A00C274B9 /* AddressCell.m in Sources */,
				FED0B7181CA5635800C274B9 /* NSString+Addtion.m in Sources */,
				FED0B7B61CA563B400C274B9 /* DataBaseHelper.m in Sources */,
				FE1A020D1CA2E2EA00A6319A /* AppDelegate.m in Sources */,
				FED0B7B51CA563B400C274B9 /* DataBase.m in Sources */,
				FE1A020A1CA2E2EA00A6319A /* main.m in Sources */,
				FE8F2C321CA6E0E80094D195 /* DetailViewController.m in Sources */,
			);
			runOnlyForDeploymentPostprocessing = 0;
		};
/* End PBXSourcesBuildPhase section */

/* Begin PBXVariantGroup section */
		FE1A02111CA2E2EA00A6319A /* Main.storyboard */ = {
			isa = PBXVariantGroup;
			children = (
				FE1A02121CA2E2EA00A6319A /* Base */,
			);
			name = Main.storyboard;
			sourceTree = "<group>";
		};
		FE1A02161CA2E2EA00A6319A /* LaunchScreen.storyboard */ = {
			isa = PBXVariantGroup;
			children = (
				FE1A02171CA2E2EA00A6319A /* Base */,
			);
			name = LaunchScreen.storyboard;
			sourceTree = "<group>";
		};
/* End PBXVariantGroup section */

/* Begin XCBuildConfiguration section */
		FE1A021A1CA2E2EA00A6319A /* Debug */ = {
			isa = XCBuildConfiguration;
			buildSettings = {
				ALWAYS_SEARCH_USER_PATHS = NO;
				CLANG_CXX_LANGUAGE_STANDARD = "gnu++0x";
				CLANG_CXX_LIBRARY = "libc++";
				CLANG_ENABLE_MODULES = YES;
				CLANG_ENABLE_OBJC_ARC = YES;
				CLANG_WARN_BOOL_CONVERSION = YES;
				CLANG_WARN_CONSTANT_CONVERSION = YES;
				CLANG_WARN_DIRECT_OBJC_ISA_USAGE = YES_ERROR;
				CLANG_WARN_EMPTY_BODY = YES;
				CLANG_WARN_ENUM_CONVERSION = YES;
				CLANG_WARN_INT_CONVERSION = YES;
				CLANG_WARN_OBJC_ROOT_CLASS = YES_ERROR;
				CLANG_WARN_UNREACHABLE_CODE = YES;
				CLANG_WARN__DUPLICATE_METHOD_MATCH = YES;
				"CODE_SIGN_IDENTITY[sdk=iphoneos*]" = "iPhone Developer";
				COPY_PHASE_STRIP = NO;
				DEBUG_INFORMATION_FORMAT = dwarf;
				ENABLE_STRICT_OBJC_MSGSEND = YES;
				ENABLE_TESTABILITY = YES;
				GCC_C_LANGUAGE_STANDARD = gnu99;
				GCC_DYNAMIC_NO_PIC = NO;
				GCC_NO_COMMON_BLOCKS = YES;
				GCC_OPTIMIZATION_LEVEL = 0;
				GCC_PREPROCESSOR_DEFINITIONS = (
					"DEBUG=1",
					"$(inherited)",
				);
				GCC_WARN_64_TO_32_BIT_CONVERSION = YES;
				GCC_WARN_ABOUT_RETURN_TYPE = YES_ERROR;
				GCC_WARN_UNDECLARED_SELECTOR = YES;
				GCC_WARN_UNINITIALIZED_AUTOS = YES_AGGRESSIVE;
				GCC_WARN_UNUSED_FUNCTION = YES;
				GCC_WARN_UNUSED_VARIABLE = YES;
				IPHONEOS_DEPLOYMENT_TARGET = 9.2;
				MTL_ENABLE_DEBUG_INFO = YES;
				ONLY_ACTIVE_ARCH = YES;
				SDKROOT = iphoneos;
			};
			name = Debug;
		};
		FE1A021B1CA2E2EA00A6319A /* Release */ = {
			isa = XCBuildConfiguration;
			buildSettings = {
				ALWAYS_SEARCH_USER_PATHS = NO;
				CLANG_CXX_LANGUAGE_STANDARD = "gnu++0x";
				CLANG_CXX_LIBRARY = "libc++";
				CLANG_ENABLE_MODULES = YES;
				CLANG_ENABLE_OBJC_ARC = YES;
				CLANG_WARN_BOOL_CONVERSION = YES;
				CLANG_WARN_CONSTANT_CONVERSION = YES;
				CLANG_WARN_DIRECT_OBJC_ISA_USAGE = YES_ERROR;
				CLANG_WARN_EMPTY_BODY = YES;
				CLANG_WARN_ENUM_CONVERSION = YES;
				CLANG_WARN_INT_CONVERSION = YES;
				CLANG_WARN_OBJC_ROOT_CLASS = YES_ERROR;
				CLANG_WARN_UNREACHABLE_CODE = YES;
				CLANG_WARN__DUPLICATE_METHOD_MATCH = YES;
				"CODE_SIGN_IDENTITY[sdk=iphoneos*]" = "iPhone Developer";
				COPY_PHASE_STRIP = NO;
				DEBUG_INFORMATION_FORMAT = "dwarf-with-dsym";
				ENABLE_NS_ASSERTIONS = NO;
				ENABLE_STRICT_OBJC_MSGSEND = YES;
				GCC_C_LANGUAGE_STANDARD = gnu99;
				GCC_NO_COMMON_BLOCKS = YES;
				GCC_WARN_64_TO_32_BIT_CONVERSION = YES;
				GCC_WARN_ABOUT_RETURN_TYPE = YES_ERROR;
				GCC_WARN_UNDECLARED_SELECTOR = YES;
				GCC_WARN_UNINITIALIZED_AUTOS = YES_AGGRESSIVE;
				GCC_WARN_UNUSED_FUNCTION = YES;
				GCC_WARN_UNUSED_VARIABLE = YES;
				IPHONEOS_DEPLOYMENT_TARGET = 9.2;
				MTL_ENABLE_DEBUG_INFO = NO;
				SDKROOT = iphoneos;
				VALIDATE_PRODUCT = YES;
			};
			name = Release;
		};
		FE1A021D1CA2E2EA00A6319A /* Debug */ = {
			isa = XCBuildConfiguration;
			baseConfigurationReference = DB4C0BC5D8A23F545DBD610C /* Pods.debug.xcconfig */;
			buildSettings = {
				ASSETCATALOG_COMPILER_APPICON_NAME = AppIcon;
				GCC_PRECOMPILE_PREFIX_HEADER = YES;
				GCC_PREFIX_HEADER = "$(SRCROOT)/Class1002/Class_Prefix.pch";
				INFOPLIST_FILE = Class1002/Info.plist;
				LD_RUNPATH_SEARCH_PATHS = "$(inherited) @executable_path/Frameworks";
				PRODUCT_BUNDLE_IDENTIFIER = com.xiangzi.com.Class1002;
				PRODUCT_NAME = "$(TARGET_NAME)";
			};
			name = Debug;
		};
		FE1A021E1CA2E2EA00A6319A /* Release */ = {
			isa = XCBuildConfiguration;
			baseConfigurationReference = B737BC70183E0802C3075F8F /* Pods.release.xcconfig */;
			buildSettings = {
				ASSETCATALOG_COMPILER_APPICON_NAME = AppIcon;
				GCC_PRECOMPILE_PREFIX_HEADER = YES;
				GCC_PREFIX_HEADER = "$(SRCROOT)/Class1002/Class_Prefix.pch";
				INFOPLIST_FILE = Class1002/Info.plist;
				LD_RUNPATH_SEARCH_PATHS = "$(inherited) @executable_path/Frameworks";
				PRODUCT_BUNDLE_IDENTIFIER = com.xiangzi.com.Class1002;
				PRODUCT_NAME = "$(TARGET_NAME)";
			};
			name = Release;
		};
/* End XCBuildConfiguration section */

/* Begin XCConfigurationList section */
		FE1A02001CA2E2EA00A6319A /* Build configuration list for PBXProject "Class1002" */ = {
			isa = XCConfigurationList;
			buildConfigurations = (
				FE1A021A1CA2E2EA00A6319A /* Debug */,
				FE1A021B1CA2E2EA00A6319A /* Release */,
			);
			defaultConfigurationIsVisible = 0;
			defaultConfigurationName = Release;
		};
		FE1A021C1CA2E2EA00A6319A /* Build configuration list for PBXNativeTarget "Class1002" */ = {
			isa = XCConfigurationList;
			buildConfigurations = (
				FE1A021D1CA2E2EA00A6319A /* Debug */,
				FE1A021E1CA2E2EA00A6319A /* Release */,
			);
			defaultConfigurationIsVisible = 0;
			defaultConfigurationName = Release;
		};
/* End XCConfigurationList section */
	};
	rootObject = FE1A01FD1CA2E2EA00A6319A /* Project object */;
}
